// !$*UTF8*$!
{
	archiveVersion = 1;
	classes = {
	};
	objectVersion = 56;
	objects = {

/* Begin PBXBuildFile section */
		3379F1AB2C351E9C00480601 /* MovieAppApp.swift in Sources */ = {isa = PBXBuildFile; fileRef = 3379F1AA2C351E9C00480601 /* MovieAppApp.swift */; };
		3379F1AD2C351E9C00480601 /* ContentView.swift in Sources */ = {isa = PBXBuildFile; fileRef = 3379F1AC2C351E9C00480601 /* ContentView.swift */; };
		3379F1AF2C351E9E00480601 /* Assets.xcassets in Resources */ = {isa = PBXBuildFile; fileRef = 3379F1AE2C351E9E00480601 /* Assets.xcassets */; };
		3379F1B22C351E9E00480601 /* Preview Assets.xcassets in Resources */ = {isa = PBXBuildFile; fileRef = 3379F1B12C351E9E00480601 /* Preview Assets.xcassets */; };
		3379F1BC2C351E9E00480601 /* MovieAppTests.swift in Sources */ = {isa = PBXBuildFile; fileRef = 3379F1BB2C351E9E00480601 /* MovieAppTests.swift */; };
		3379F1C62C351E9E00480601 /* MovieAppUITests.swift in Sources */ = {isa = PBXBuildFile; fileRef = 3379F1C52C351E9E00480601 /* MovieAppUITests.swift */; };
		3379F1C82C351E9E00480601 /* MovieAppUITestsLaunchTests.swift in Sources */ = {isa = PBXBuildFile; fileRef = 3379F1C72C351E9E00480601 /* MovieAppUITestsLaunchTests.swift */; };
		3379F1D52C35209400480601 /* moviedata.json in Resources */ = {isa = PBXBuildFile; fileRef = 3379F1D42C35209400480601 /* moviedata.json */; };
		3379F1D72C35678100480601 /* MovieModel.swift in Sources */ = {isa = PBXBuildFile; fileRef = 3379F1D62C35678100480601 /* MovieModel.swift */; };
		3379F1D92C35692300480601 /* MovieController.swift in Sources */ = {isa = PBXBuildFile; fileRef = 3379F1D82C35692300480601 /* MovieController.swift */; };
		3379F1DB2C35782400480601 /* SingleMovieView.swift in Sources */ = {isa = PBXBuildFile; fileRef = 3379F1DA2C35782400480601 /* SingleMovieView.swift */; };
		3379F1DD2C357A9500480601 /* font.ttf in Resources */ = {isa = PBXBuildFile; fileRef = 3379F1DC2C357A9500480601 /* font.ttf */; };
/* End PBXBuildFile section */

/* Begin PBXContainerItemProxy section */
		3379F1B82C351E9E00480601 /* PBXContainerItemProxy */ = {
			isa = PBXContainerItemProxy;
			containerPortal = 3379F19F2C351E9C00480601 /* Project object */;
			proxyType = 1;
			remoteGlobalIDString = 3379F1A62C351E9C00480601;
			remoteInfo = MovieApp;
		};
		3379F1C22C351E9E00480601 /* PBXContainerItemProxy */ = {
			isa = PBXContainerItemProxy;
			containerPortal = 3379F19F2C351E9C00480601 /* Project object */;
			proxyType = 1;
			remoteGlobalIDString = 3379F1A62C351E9C00480601;
			remoteInfo = MovieApp;
		};
/* End PBXContainerItemProxy section */

/* Begin PBXFileReference section */
		3379F1A72C351E9C00480601 /* MovieApp.app */ = {isa = PBXFileReference; explicitFileType = wrapper.application; includeInIndex = 0; path = MovieApp.app; sourceTree = BUILT_PRODUCTS_DIR; };
		3379F1AA2C351E9C00480601 /* MovieAppApp.swift */ = {isa = PBXFileReference; lastKnownFileType = sourcecode.swift; path = MovieAppApp.swift; sourceTree = "<group>"; };
		3379F1AC2C351E9C00480601 /* ContentView.swift */ = {isa = PBXFileReference; lastKnownFileType = sourcecode.swift; path = ContentView.swift; sourceTree = "<group>"; };
		3379F1AE2C351E9E00480601 /* Assets.xcassets */ = {isa = PBXFileReference; lastKnownFileType = folder.assetcatalog; path = Assets.xcassets; sourceTree = "<group>"; };
		3379F1B12C351E9E00480601 /* Preview Assets.xcassets */ = {isa = PBXFileReference; lastKnownFileType = folder.assetcatalog; path = "Preview Assets.xcassets"; sourceTree = "<group>"; };
		3379F1B72C351E9E00480601 /* MovieAppTests.xctest */ = {isa = PBXFileReference; explicitFileType = wrapper.cfbundle; includeInIndex = 0; path = MovieAppTests.xctest; sourceTree = BUILT_PRODUCTS_DIR; };
		3379F1BB2C351E9E00480601 /* MovieAppTests.swift */ = {isa = PBXFileReference; lastKnownFileType = sourcecode.swift; path = MovieAppTests.swift; sourceTree = "<group>"; };
		3379F1C12C351E9E00480601 /* MovieAppUITests.xctest */ = {isa = PBXFileReference; explicitFileType = wrapper.cfbundle; includeInIndex = 0; path = MovieAppUITests.xctest; sourceTree = BUILT_PRODUCTS_DIR; };
		3379F1C52C351E9E00480601 /* MovieAppUITests.swift */ = {isa = PBXFileReference; lastKnownFileType = sourcecode.swift; path = MovieAppUITests.swift; sourceTree = "<group>"; };
		3379F1C72C351E9E00480601 /* MovieAppUITestsLaunchTests.swift */ = {isa = PBXFileReference; lastKnownFileType = sourcecode.swift; path = MovieAppUITestsLaunchTests.swift; sourceTree = "<group>"; };
		3379F1D42C35209400480601 /* moviedata.json */ = {isa = PBXFileReference; fileEncoding = 4; lastKnownFileType = text.json; name = moviedata.json; path = "../../../../PythonFython/LAST DAY BEFOER WINGS 1 HANDSON EXAM/moviedata.json"; sourceTree = "<group>"; };
		3379F1D62C35678100480601 /* MovieModel.swift */ = {isa = PBXFileReference; lastKnownFileType = sourcecode.swift; path = MovieModel.swift; sourceTree = "<group>"; };
		3379F1D82C35692300480601 /* MovieController.swift */ = {isa = PBXFileReference; lastKnownFileType = sourcecode.swift; path = MovieController.swift; sourceTree = "<group>"; };
		3379F1DA2C35782400480601 /* SingleMovieView.swift */ = {isa = PBXFileReference; lastKnownFileType = sourcecode.swift; path = SingleMovieView.swift; sourceTree = "<group>"; };
		3379F1DC2C357A9500480601 /* font.ttf */ = {isa = PBXFileReference; lastKnownFileType = file; name = font.ttf; path = "../../../../../../Library/CloudStorage/GoogleDrive-sourav292922@gmail.com/My Drive/fonts/newsflash-bb/font.ttf"; sourceTree = "<group>"; };
		3379F1DE2C357AA700480601 /* Info.plist */ = {isa = PBXFileReference; lastKnownFileType = text.plist; path = Info.plist; sourceTree = "<group>"; };
/* End PBXFileReference section */

/* Begin PBXFrameworksBuildPhase section */
		3379F1A42C351E9C00480601 /* Frameworks */ = {
			isa = PBXFrameworksBuildPhase;
			buildActionMask = 2147483647;
			files = (
			);
			runOnlyForDeploymentPostprocessing = 0;
		};
		3379F1B42C351E9E00480601 /* Frameworks */ = {
			isa = PBXFrameworksBuildPhase;
			buildActionMask = 2147483647;
			files = (
			);
			runOnlyForDeploymentPostprocessing = 0;
		};
		3379F1BE2C351E9E00480601 /* Frameworks */ = {
			isa = PBXFrameworksBuildPhase;
			buildActionMask = 2147483647;
			files = (
			);
			runOnlyForDeploymentPostprocessing = 0;
		};
/* End PBXFrameworksBuildPhase section */

/* Begin PBXGroup section */
		3379F19E2C351E9C00480601 = {
			isa = PBXGroup;
			children = (
				3379F1A92C351E9C00480601 /* MovieApp */,
				3379F1BA2C351E9E00480601 /* MovieAppTests */,
				3379F1C42C351E9E00480601 /* MovieAppUITests */,
				3379F1A82C351E9C00480601 /* Products */,
			);
			sourceTree = "<group>";
		};
		3379F1A82C351E9C00480601 /* Products */ = {
			isa = PBXGroup;
			children = (
				3379F1A72C351E9C00480601 /* MovieApp.app */,
				3379F1B72C351E9E00480601 /* MovieAppTests.xctest */,
				3379F1C12C351E9E00480601 /* MovieAppUITests.xctest */,
			);
			name = Products;
			sourceTree = "<group>";
		};
		3379F1A92C351E9C00480601 /* MovieApp */ = {
			isa = PBXGroup;
			children = (
				3379F1DE2C357AA700480601 /* Info.plist */,
				3379F1AA2C351E9C00480601 /* MovieAppApp.swift */,
				3379F1D42C35209400480601 /* moviedata.json */,
				3379F1D62C35678100480601 /* MovieModel.swift */,
				3379F1DC2C357A9500480601 /* font.ttf */,
				3379F1D82C35692300480601 /* MovieController.swift */,
				3379F1AC2C351E9C00480601 /* ContentView.swift */,
				3379F1DA2C35782400480601 /* SingleMovieView.swift */,
				3379F1AE2C351E9E00480601 /* Assets.xcassets */,
				3379F1B02C351E9E00480601 /* Preview Content */,
			);
			path = MovieApp;
			sourceTree = "<group>";
		};
		3379F1B02C351E9E00480601 /* Preview Content */ = {
			isa = PBXGroup;
			children = (
				3379F1B12C351E9E00480601 /* Preview Assets.xcassets */,
			);
			path = "Preview Content";
			sourceTree = "<group>";
		};
		3379F1BA2C351E9E00480601 /* MovieAppTests */ = {
			isa = PBXGroup;
			children = (
				3379F1BB2C351E9E00480601 /* MovieAppTests.swift */,
			);
			path = MovieAppTests;
			sourceTree = "<group>";
		};
		3379F1C42C351E9E00480601 /* MovieAppUITests */ = {
			isa = PBXGroup;
			children = (
				3379F1C52C351E9E00480601 /* MovieAppUITests.swift */,
				3379F1C72C351E9E00480601 /* MovieAppUITestsLaunchTests.swift */,
			);
			path = MovieAppUITests;
			sourceTree = "<group>";
		};
/* End PBXGroup section */

/* Begin PBXNativeTarget section */
		3379F1A62C351E9C00480601 /* MovieApp */ = {
			isa = PBXNativeTarget;
			buildConfigurationList = 3379F1CB2C351E9E00480601 /* Build configuration list for PBXNativeTarget "MovieApp" */;
			buildPhases = (
				3379F1A32C351E9C00480601 /* Sources */,
				3379F1A42C351E9C00480601 /* Frameworks */,
				3379F1A52C351E9C00480601 /* Resources */,
			);
			buildRules = (
			);
			dependencies = (
			);
			name = MovieApp;
			productName = MovieApp;
			productReference = 3379F1A72C351E9C00480601 /* MovieApp.app */;
			productType = "com.apple.product-type.application";
		};
		3379F1B62C351E9E00480601 /* MovieAppTests */ = {
			isa = PBXNativeTarget;
			buildConfigurationList = 3379F1CE2C351E9E00480601 /* Build configuration list for PBXNativeTarget "MovieAppTests" */;
			buildPhases = (
				3379F1B32C351E9E00480601 /* Sources */,
				3379F1B42C351E9E00480601 /* Frameworks */,
				3379F1B52C351E9E00480601 /* Resources */,
			);
			buildRules = (
			);
			dependencies = (
				3379F1B92C351E9E00480601 /* PBXTargetDependency */,
			);
			name = MovieAppTests;
			productName = MovieAppTests;
			productReference = 3379F1B72C351E9E00480601 /* MovieAppTests.xctest */;
			productType = "com.apple.product-type.bundle.unit-test";
		};
		3379F1C02C351E9E00480601 /* MovieAppUITests */ = {
			isa = PBXNativeTarget;
			buildConfigurationList = 3379F1D12C351E9E00480601 /* Build configuration list for PBXNativeTarget "MovieAppUITests" */;
			buildPhases = (
				3379F1BD2C351E9E00480601 /* Sources */,
				3379F1BE2C351E9E00480601 /* Frameworks */,
				3379F1BF2C351E9E00480601 /* Resources */,
			);
			buildRules = (
			);
			dependencies = (
				3379F1C32C351E9E00480601 /* PBXTargetDependency */,
			);
			name = MovieAppUITests;
			productName = MovieAppUITests;
			productReference = 3379F1C12C351E9E00480601 /* MovieAppUITests.xctest */;
			productType = "com.apple.product-type.bundle.ui-testing";
		};
/* End PBXNativeTarget section */

/* Begin PBXProject section */
		3379F19F2C351E9C00480601 /* Project object */ = {
			isa = PBXProject;
			attributes = {
				BuildIndependentTargetsInParallel = 1;
				LastSwiftUpdateCheck = 1540;
				LastUpgradeCheck = 1540;
				TargetAttributes = {
					3379F1A62C351E9C00480601 = {
						CreatedOnToolsVersion = 15.4;
					};
					3379F1B62C351E9E00480601 = {
						CreatedOnToolsVersion = 15.4;
						TestTargetID = 3379F1A62C351E9C00480601;
					};
					3379F1C02C351E9E00480601 = {
						CreatedOnToolsVersion = 15.4;
						TestTargetID = 3379F1A62C351E9C00480601;
					};
				};
			};
			buildConfigurationList = 3379F1A22C351E9C00480601 /* Build configuration list for PBXProject "MovieApp" */;
			compatibilityVersion = "Xcode 14.0";
			developmentRegion = en;
			hasScannedForEncodings = 0;
			knownRegions = (
				en,
				Base,
			);
			mainGroup = 3379F19E2C351E9C00480601;
			productRefGroup = 3379F1A82C351E9C00480601 /* Products */;
			projectDirPath = "";
			projectRoot = "";
			targets = (
				3379F1A62C351E9C00480601 /* MovieApp */,
				3379F1B62C351E9E00480601 /* MovieAppTests */,
				3379F1C02C351E9E00480601 /* MovieAppUITests */,
			);
		};
/* End PBXProject section */

/* Begin PBXResourcesBuildPhase section */
		3379F1A52C351E9C00480601 /* Resources */ = {
			isa = PBXResourcesBuildPhase;
			buildActionMask = 2147483647;
			files = (
				3379F1B22C351E9E00480601 /* Preview Assets.xcassets in Resources */,
				3379F1AF2C351E9E00480601 /* Assets.xcassets in Resources */,
				3379F1DD2C357A9500480601 /* font.ttf in Resources */,
				3379F1D52C35209400480601 /* moviedata.json in Resources */,
			);
			runOnlyForDeploymentPostprocessing = 0;
		};
		3379F1B52C351E9E00480601 /* Resources */ = {
			isa = PBXResourcesBuildPhase;
			buildActionMask = 2147483647;
			files = (
			);
			runOnlyForDeploymentPostprocessing = 0;
		};
		3379F1BF2C351E9E00480601 /* Resources */ = {
			isa = PBXResourcesBuildPhase;
			buildActionMask = 2147483647;
			files = (
			);
			runOnlyForDeploymentPostprocessing = 0;
		};
/* End PBXResourcesBuildPhase section */

/* Begin PBXSourcesBuildPhase section */
		3379F1A32C351E9C00480601 /* Sources */ = {
			isa = PBXSourcesBuildPhase;
			buildActionMask = 2147483647;
			files = (
				3379F1D92C35692300480601 /* MovieController.swift in Sources */,
				3379F1D72C35678100480601 /* MovieModel.swift in Sources */,
				3379F1AD2C351E9C00480601 /* ContentView.swift in Sources */,
				3379F1DB2C35782400480601 /* SingleMovieView.swift in Sources */,
				3379F1AB2C351E9C00480601 /* MovieAppApp.swift in Sources */,
			);
			runOnlyForDeploymentPostprocessing = 0;
		};
		3379F1B32C351E9E00480601 /* Sources */ = {
			isa = PBXSourcesBuildPhase;
			buildActionMask = 2147483647;
			files = (
				3379F1BC2C351E9E00480601 /* MovieAppTests.swift in Sources */,
			);
			runOnlyForDeploymentPostprocessing = 0;
		};
		3379F1BD2C351E9E00480601 /* Sources */ = {
			isa = PBXSourcesBuildPhase;
			buildActionMask = 2147483647;
			files = (
				3379F1C82C351E9E00480601 /* MovieAppUITestsLaunchTests.swift in Sources */,
				3379F1C62C351E9E00480601 /* MovieAppUITests.swift in Sources */,
			);
			runOnlyForDeploymentPostprocessing = 0;
		};
/* End PBXSourcesBuildPhase section */

/* Begin PBXTargetDependency section */
		3379F1B92C351E9E00480601 /* PBXTargetDependency */ = {
			isa = PBXTargetDependency;
			target = 3379F1A62C351E9C00480601 /* MovieApp */;
			targetProxy = 3379F1B82C351E9E00480601 /* PBXContainerItemProxy */;
		};
		3379F1C32C351E9E00480601 /* PBXTargetDependency */ = {
			isa = PBXTargetDependency;
			target = 3379F1A62C351E9C00480601 /* MovieApp */;
			targetProxy = 3379F1C22C351E9E00480601 /* PBXContainerItemProxy */;
		};
/* End PBXTargetDependency section */

/* Begin XCBuildConfiguration section */
		3379F1C92C351E9E00480601 /* Debug */ = {
			isa = XCBuildConfiguration;
			buildSettings = {
				ALWAYS_SEARCH_USER_PATHS = NO;
				ASSETCATALOG_COMPILER_GENERATE_SWIFT_ASSET_SYMBOL_EXTENSIONS = YES;
				CLANG_ANALYZER_NONNULL = YES;
				CLANG_ANALYZER_NUMBER_OBJECT_CONVERSION = YES_AGGRESSIVE;
				CLANG_CXX_LANGUAGE_STANDARD = "gnu++20";
				CLANG_ENABLE_MODULES = YES;
				CLANG_ENABLE_OBJC_ARC = YES;
				CLANG_ENABLE_OBJC_WEAK = YES;
				CLANG_WARN_BLOCK_CAPTURE_AUTORELEASING = YES;
				CLANG_WARN_BOOL_CONVERSION = YES;
				CLANG_WARN_COMMA = YES;
				CLANG_WARN_CONSTANT_CONVERSION = YES;
				CLANG_WARN_DEPRECATED_OBJC_IMPLEMENTATIONS = YES;
				CLANG_WARN_DIRECT_OBJC_ISA_USAGE = YES_ERROR;
				CLANG_WARN_DOCUMENTATION_COMMENTS = YES;
				CLANG_WARN_EMPTY_BODY = YES;
				CLANG_WARN_ENUM_CONVERSION = YES;
				CLANG_WARN_INFINITE_RECURSION = YES;
				CLANG_WARN_INT_CONVERSION = YES;
				CLANG_WARN_NON_LITERAL_NULL_CONVERSION = YES;
				CLANG_WARN_OBJC_IMPLICIT_RETAIN_SELF = YES;
				CLANG_WARN_OBJC_LITERAL_CONVERSION = YES;
				CLANG_WARN_OBJC_ROOT_CLASS = YES_ERROR;
				CLANG_WARN_QUOTED_INCLUDE_IN_FRAMEWORK_HEADER = YES;
				CLANG_WARN_RANGE_LOOP_ANALYSIS = YES;
				CLANG_WARN_STRICT_PROTOTYPES = YES;
				CLANG_WARN_SUSPICIOUS_MOVE = YES;
				CLANG_WARN_UNGUARDED_AVAILABILITY = YES_AGGRESSIVE;
				CLANG_WARN_UNREACHABLE_CODE = YES;
				CLANG_WARN__DUPLICATE_METHOD_MATCH = YES;
				COPY_PHASE_STRIP = NO;
				DEBUG_INFORMATION_FORMAT = dwarf;
				ENABLE_STRICT_OBJC_MSGSEND = YES;
				ENABLE_TESTABILITY = YES;
				ENABLE_USER_SCRIPT_SANDBOXING = YES;
				GCC_C_LANGUAGE_STANDARD = gnu17;
				GCC_DYNAMIC_NO_PIC = NO;
				GCC_NO_COMMON_BLOCKS = YES;
				GCC_OPTIMIZATION_LEVEL = 0;
				GCC_PREPROCESSOR_DEFINITIONS = (
					"DEBUG=1",
					"$(inherited)",
				);
				GCC_WARN_64_TO_32_BIT_CONVERSION = YES;
				GCC_WARN_ABOUT_RETURN_TYPE = YES_ERROR;
				GCC_WARN_UNDECLARED_SELECTOR = YES;
				GCC_WARN_UNINITIALIZED_AUTOS = YES_AGGRESSIVE;
				GCC_WARN_UNUSED_FUNCTION = YES;
				GCC_WARN_UNUSED_VARIABLE = YES;
				IPHONEOS_DEPLOYMENT_TARGET = 17.5;
				LOCALIZATION_PREFERS_STRING_CATALOGS = YES;
				MTL_ENABLE_DEBUG_INFO = INCLUDE_SOURCE;
				MTL_FAST_MATH = YES;
				ONLY_ACTIVE_ARCH = YES;
				SDKROOT = iphoneos;
				SWIFT_ACTIVE_COMPILATION_CONDITIONS = "DEBUG $(inherited)";
				SWIFT_OPTIMIZATION_LEVEL = "-Onone";
			};
			name = Debug;
		};
		3379F1CA2C351E9E00480601 /* Release */ = {
			isa = XCBuildConfiguration;
			buildSettings = {
				ALWAYS_SEARCH_USER_PATHS = NO;
				ASSETCATALOG_COMPILER_GENERATE_SWIFT_ASSET_SYMBOL_EXTENSIONS = YES;
				CLANG_ANALYZER_NONNULL = YES;
				CLANG_ANALYZER_NUMBER_OBJECT_CONVERSION = YES_AGGRESSIVE;
				CLANG_CXX_LANGUAGE_STANDARD = "gnu++20";
				CLANG_ENABLE_MODULES = YES;
				CLANG_ENABLE_OBJC_ARC = YES;
				CLANG_ENABLE_OBJC_WEAK = YES;
				CLANG_WARN_BLOCK_CAPTURE_AUTORELEASING = YES;
				CLANG_WARN_BOOL_CONVERSION = YES;
				CLANG_WARN_COMMA = YES;
				CLANG_WARN_CONSTANT_CONVERSION = YES;
				CLANG_WARN_DEPRECATED_OBJC_IMPLEMENTATIONS = YES;
				CLANG_WARN_DIRECT_OBJC_ISA_USAGE = YES_ERROR;
				CLANG_WARN_DOCUMENTATION_COMMENTS = YES;
				CLANG_WARN_EMPTY_BODY = YES;
				CLANG_WARN_ENUM_CONVERSION = YES;
				CLANG_WARN_INFINITE_RECURSION = YES;
				CLANG_WARN_INT_CONVERSION = YES;
				CLANG_WARN_NON_LITERAL_NULL_CONVERSION = YES;
				CLANG_WARN_OBJC_IMPLICIT_RETAIN_SELF = YES;
				CLANG_WARN_OBJC_LITERAL_CONVERSION = YES;
				CLANG_WARN_OBJC_ROOT_CLASS = YES_ERROR;
				CLANG_WARN_QUOTED_INCLUDE_IN_FRAMEWORK_HEADER = YES;
				CLANG_WARN_RANGE_LOOP_ANALYSIS = YES;
				CLANG_WARN_STRICT_PROTOTYPES = YES;
				CLANG_WARN_SUSPICIOUS_MOVE = YES;
				CLANG_WARN_UNGUARDED_AVAILABILITY = YES_AGGRESSIVE;
				CLANG_WARN_UNREACHABLE_CODE = YES;
				CLANG_WARN__DUPLICATE_METHOD_MATCH = YES;
				COPY_PHASE_STRIP = NO;
				DEBUG_INFORMATION_FORMAT = "dwarf-with-dsym";
				ENABLE_NS_ASSERTIONS = NO;
				ENABLE_STRICT_OBJC_MSGSEND = YES;
				ENABLE_USER_SCRIPT_SANDBOXING = YES;
				GCC_C_LANGUAGE_STANDARD = gnu17;
				GCC_NO_COMMON_BLOCKS = YES;
				GCC_WARN_64_TO_32_BIT_CONVERSION = YES;
				GCC_WARN_ABOUT_RETURN_TYPE = YES_ERROR;
				GCC_WARN_UNDECLARED_SELECTOR = YES;
				GCC_WARN_UNINITIALIZED_AUTOS = YES_AGGRESSIVE;
				GCC_WARN_UNUSED_FUNCTION = YES;
				GCC_WARN_UNUSED_VARIABLE = YES;
				IPHONEOS_DEPLOYMENT_TARGET = 17.5;
				LOCALIZATION_PREFERS_STRING_CATALOGS = YES;
				MTL_ENABLE_DEBUG_INFO = NO;
				MTL_FAST_MATH = YES;
				SDKROOT = iphoneos;
				SWIFT_COMPILATION_MODE = wholemodule;
				VALIDATE_PRODUCT = YES;
			};
			name = Release;
		};
		3379F1CC2C351E9E00480601 /* Debug */ = {
			isa = XCBuildConfiguration;
			buildSettings = {
				ASSETCATALOG_COMPILER_APPICON_NAME = AppIcon;
				ASSETCATALOG_COMPILER_GLOBAL_ACCENT_COLOR_NAME = AccentColor;
				CODE_SIGN_STYLE = Automatic;
				CURRENT_PROJECT_VERSION = 1;
				DEVELOPMENT_ASSET_PATHS = "\"MovieApp/Preview Content\"";
				ENABLE_PREVIEWS = YES;
				GENERATE_INFOPLIST_FILE = YES;
				INFOPLIST_FILE = MovieApp/Info.plist;
				INFOPLIST_KEY_UIApplicationSceneManifest_Generation = YES;
				INFOPLIST_KEY_UIApplicationSupportsIndirectInputEvents = YES;
				INFOPLIST_KEY_UILaunchScreen_Generation = YES;
				INFOPLIST_KEY_UISupportedInterfaceOrientations_iPad = "UIInterfaceOrientationPortrait UIInterfaceOrientationPortraitUpsideDown UIInterfaceOrientationLandscapeLeft UIInterfaceOrientationLandscapeRight";
				INFOPLIST_KEY_UISupportedInterfaceOrientations_iPhone = "UIInterfaceOrientationPortrait UIInterfaceOrientationLandscapeLeft UIInterfaceOrientationLandscapeRight";
				LD_RUNPATH_SEARCH_PATHS = (
					"$(inherited)",
					"@executable_path/Frameworks",
				);
				MARKETING_VERSION = 1.0;
				PRODUCT_BUNDLE_IDENTIFIER = com.golu.MovieApp;
				PRODUCT_NAME = "$(TARGET_NAME)";
				SWIFT_EMIT_LOC_STRINGS = YES;
				SWIFT_VERSION = 5.0;
				TARGETED_DEVICE_FAMILY = "1,2";
			};
			name = Debug;
		};
		3379F1CD2C351E9E00480601 /* Release */ = {
			isa = XCBuildConfiguration;
			buildSettings = {
				ASSETCATALOG_COMPILER_APPICON_NAME = AppIcon;
				ASSETCATALOG_COMPILER_GLOBAL_ACCENT_COLOR_NAME = AccentColor;
				CODE_SIGN_STYLE = Automatic;
				CURRENT_PROJECT_VERSION = 1;
				DEVELOPMENT_ASSET_PATHS = "\"MovieApp/Preview Content\"";
				ENABLE_PREVIEWS = YES;
				GENERATE_INFOPLIST_FILE = YES;
				INFOPLIST_FILE = MovieApp/Info.plist;
				INFOPLIST_KEY_UIApplicationSceneManifest_Generation = YES;
				INFOPLIST_KEY_UIApplicationSupportsIndirectInputEvents = YES;
				INFOPLIST_KEY_UILaunchScreen_Generation = YES;
				INFOPLIST_KEY_UISupportedInterfaceOrientations_iPad = "UIInterfaceOrientationPortrait UIInterfaceOrientationPortraitUpsideDown UIInterfaceOrientationLandscapeLeft UIInterfaceOrientationLandscapeRight";
				INFOPLIST_KEY_UISupportedInterfaceOrientations_iPhone = "UIInterfaceOrientationPortrait UIInterfaceOrientationLandscapeLeft UIInterfaceOrientationLandscapeRight";
				LD_RUNPATH_SEARCH_PATHS = (
					"$(inherited)",
					"@executable_path/Frameworks",
				);
				MARKETING_VERSION = 1.0;
				PRODUCT_BUNDLE_IDENTIFIER = com.golu.MovieApp;
				PRODUCT_NAME = "$(TARGET_NAME)";
				SWIFT_EMIT_LOC_STRINGS = YES;
				SWIFT_VERSION = 5.0;
				TARGETED_DEVICE_FAMILY = "1,2";
			};
			name = Release;
		};
		3379F1CF2C351E9E00480601 /* Debug */ = {
			isa = XCBuildConfiguration;
			buildSettings = {
				ALWAYS_EMBED_SWIFT_STANDARD_LIBRARIES = YES;
				BUNDLE_LOADER = "$(TEST_HOST)";
				CODE_SIGN_STYLE = Automatic;
				CURRENT_PROJECT_VERSION = 1;
				GENERATE_INFOPLIST_FILE = YES;
				IPHONEOS_DEPLOYMENT_TARGET = 17.5;
				MARKETING_VERSION = 1.0;
				PRODUCT_BUNDLE_IDENTIFIER = com.golu.MovieAppTests;
				PRODUCT_NAME = "$(TARGET_NAME)";
				SWIFT_EMIT_LOC_STRINGS = NO;
				SWIFT_VERSION = 5.0;
				TARGETED_DEVICE_FAMILY = "1,2";
				TEST_HOST = "$(BUILT_PRODUCTS_DIR)/MovieApp.app/$(BUNDLE_EXECUTABLE_FOLDER_PATH)/MovieApp";
			};
			name = Debug;
		};
		3379F1D02C351E9E00480601 /* Release */ = {
			isa = XCBuildConfiguration;
			buildSettings = {
				ALWAYS_EMBED_SWIFT_STANDARD_LIBRARIES = YES;
				BUNDLE_LOADER = "$(TEST_HOST)";
				CODE_SIGN_STYLE = Automatic;
				CURRENT_PROJECT_VERSION = 1;
				GENERATE_INFOPLIST_FILE = YES;
				IPHONEOS_DEPLOYMENT_TARGET = 17.5;
				MARKETING_VERSION = 1.0;
				PRODUCT_BUNDLE_IDENTIFIER = com.golu.MovieAppTests;
				PRODUCT_NAME = "$(TARGET_NAME)";
				SWIFT_EMIT_LOC_STRINGS = NO;
				SWIFT_VERSION = 5.0;
				TARGETED_DEVICE_FAMILY = "1,2";
				TEST_HOST = "$(BUILT_PRODUCTS_DIR)/MovieApp.app/$(BUNDLE_EXECUTABLE_FOLDER_PATH)/MovieApp";
			};
			name = Release;
		};
		3379F1D22C351E9E00480601 /* Debug */ = {
			isa = XCBuildConfiguration;
			buildSettings = {
				ALWAYS_EMBED_SWIFT_STANDARD_LIBRARIES = YES;
				CODE_SIGN_STYLE = Automatic;
				CURRENT_PROJECT_VERSION = 1;
				GENERATE_INFOPLIST_FILE = YES;
				MARKETING_VERSION = 1.0;
				PRODUCT_BUNDLE_IDENTIFIER = com.golu.MovieAppUITests;
				PRODUCT_NAME = "$(TARGET_NAME)";
				SWIFT_EMIT_LOC_STRINGS = NO;
				SWIFT_VERSION = 5.0;
				TARGETED_DEVICE_FAMILY = "1,2";
				TEST_TARGET_NAME = MovieApp;
			};
			name = Debug;
		};
		3379F1D32C351E9E00480601 /* Release */ = {
			isa = XCBuildConfiguration;
			buildSettings = {
				ALWAYS_EMBED_SWIFT_STANDARD_LIBRARIES = YES;
				CODE_SIGN_STYLE = Automatic;
				CURRENT_PROJECT_VERSION = 1;
				GENERATE_INFOPLIST_FILE = YES;
				MARKETING_VERSION = 1.0;
				PRODUCT_BUNDLE_IDENTIFIER = com.golu.MovieAppUITests;
				PRODUCT_NAME = "$(TARGET_NAME)";
				SWIFT_EMIT_LOC_STRINGS = NO;
				SWIFT_VERSION = 5.0;
				TARGETED_DEVICE_FAMILY = "1,2";
				TEST_TARGET_NAME = MovieApp;
			};
			name = Release;
		};
/* End XCBuildConfiguration section */

/* Begin XCConfigurationList section */
		3379F1A22C351E9C00480601 /* Build configuration list for PBXProject "MovieApp" */ = {
			isa = XCConfigurationList;
			buildConfigurations = (
				3379F1C92C351E9E00480601 /* Debug */,
				3379F1CA2C351E9E00480601 /* Release */,
			);
			defaultConfigurationIsVisible = 0;
			defaultConfigurationName = Release;
		};
		3379F1CB2C351E9E00480601 /* Build configuration list for PBXNativeTarget "MovieApp" */ = {
			isa = XCConfigurationList;
			buildConfigurations = (
				3379F1CC2C351E9E00480601 /* Debug */,
				3379F1CD2C351E9E00480601 /* Release */,
			);
			defaultConfigurationIsVisible = 0;
			defaultConfigurationName = Release;
		};
		3379F1CE2C351E9E00480601 /* Build configuration list for PBXNativeTarget "MovieAppTests" */ = {
			isa = XCConfigurationList;
			buildConfigurations = (
				3379F1CF2C351E9E00480601 /* Debug */,
				3379F1D02C351E9E00480601 /* Release */,
			);
			defaultConfigurationIsVisible = 0;
			defaultConfigurationName = Release;
		};
		3379F1D12C351E9E00480601 /* Build configuration list for PBXNativeTarget "MovieAppUITests" */ = {
			isa = XCConfigurationList;
			buildConfigurations = (
				3379F1D22C351E9E00480601 /* Debug */,
				3379F1D32C351E9E00480601 /* Release */,
			);
			defaultConfigurationIsVisible = 0;
			defaultConfigurationName = Release;
		};
/* End XCConfigurationList section */
	};
	rootObject = 3379F19F2C351E9C00480601 /* Project object */;
}
